// !$*UTF8*$!
{
	archiveVersion = 1;
	classes = {
	};
	objectVersion = 56;
	objects = {

/* Begin PBXBuildFile section */
		73098C4929C7791700CB5579 /* HackShortsApp.swift in Sources */ = {isa = PBXBuildFile; fileRef = 73098C4829C7791700CB5579 /* HackShortsApp.swift */; };
		73098C4B29C7791700CB5579 /* ContentView.swift in Sources */ = {isa = PBXBuildFile; fileRef = 73098C4A29C7791700CB5579 /* ContentView.swift */; };
		73098C4D29C7791A00CB5579 /* Assets.xcassets in Resources */ = {isa = PBXBuildFile; fileRef = 73098C4C29C7791A00CB5579 /* Assets.xcassets */; };
		73098C5029C7791A00CB5579 /* Preview Assets.xcassets in Resources */ = {isa = PBXBuildFile; fileRef = 73098C4F29C7791A00CB5579 /* Preview Assets.xcassets */; };
		73098C5229C7791A00CB5579 /* Persistence.swift in Sources */ = {isa = PBXBuildFile; fileRef = 73098C5129C7791A00CB5579 /* Persistence.swift */; };
		73098C5529C7791A00CB5579 /* HackShorts.xcdatamodeld in Sources */ = {isa = PBXBuildFile; fileRef = 73098C5329C7791A00CB5579 /* HackShorts.xcdatamodeld */; };
		73098C7D29C77B3500CB5579 /* Player.swift in Sources */ = {isa = PBXBuildFile; fileRef = 73098C7C29C77B3500CB5579 /* Player.swift */; };
		73098C8029C77D7700CB5579 /* sample.mp4 in Resources */ = {isa = PBXBuildFile; fileRef = 73098C7F29C77D6000CB5579 /* sample.mp4 */; };
/* End PBXBuildFile section */

/* Begin PBXFileReference section */
		73098C4529C7791700CB5579 /* HackShorts.app */ = {isa = PBXFileReference; explicitFileType = wrapper.application; includeInIndex = 0; path = HackShorts.app; sourceTree = BUILT_PRODUCTS_DIR; };
		73098C4829C7791700CB5579 /* HackShortsApp.swift */ = {isa = PBXFileReference; lastKnownFileType = sourcecode.swift; path = HackShortsApp.swift; sourceTree = "<group>"; };
		73098C4A29C7791700CB5579 /* ContentView.swift */ = {isa = PBXFileReference; lastKnownFileType = sourcecode.swift; path = ContentView.swift; sourceTree = "<group>"; };
		73098C4C29C7791A00CB5579 /* Assets.xcassets */ = {isa = PBXFileReference; lastKnownFileType = folder.assetcatalog; path = Assets.xcassets; sourceTree = "<group>"; };
		73098C4F29C7791A00CB5579 /* Preview Assets.xcassets */ = {isa = PBXFileReference; lastKnownFileType = folder.assetcatalog; path = "Preview Assets.xcassets"; sourceTree = "<group>"; };
		73098C5129C7791A00CB5579 /* Persistence.swift */ = {isa = PBXFileReference; lastKnownFileType = sourcecode.swift; path = Persistence.swift; sourceTree = "<group>"; };
		73098C5429C7791A00CB5579 /* HackShorts.xcdatamodel */ = {isa = PBXFileReference; lastKnownFileType = wrapper.xcdatamodel; path = HackShorts.xcdatamodel; sourceTree = "<group>"; };
		73098C7C29C77B3500CB5579 /* Player.swift */ = {isa = PBXFileReference; lastKnownFileType = sourcecode.swift; path = Player.swift; sourceTree = "<group>"; };
		73098C7F29C77D6000CB5579 /* sample.mp4 */ = {isa = PBXFileReference; lastKnownFileType = file; path = sample.mp4; sourceTree = "<group>"; };
/* End PBXFileReference section */

/* Begin PBXFrameworksBuildPhase section */
		73098C4229C7791700CB5579 /* Frameworks */ = {
			isa = PBXFrameworksBuildPhase;
			buildActionMask = 2147483647;
			files = (
			);
			runOnlyForDeploymentPostprocessing = 0;
		};
/* End PBXFrameworksBuildPhase section */

/* Begin PBXGroup section */
		73098C3C29C7791700CB5579 = {
			isa = PBXGroup;
			children = (
				73098C4729C7791700CB5579 /* HackShorts */,
				73098C4629C7791700CB5579 /* Products */,
			);
			sourceTree = "<group>";
		};
		73098C4629C7791700CB5579 /* Products */ = {
			isa = PBXGroup;
			children = (
				73098C4529C7791700CB5579 /* HackShorts.app */,
			);
			name = Products;
			sourceTree = "<group>";
		};
		73098C4729C7791700CB5579 /* HackShorts */ = {
			isa = PBXGroup;
			children = (
				73098C7E29C77D4D00CB5579 /* Video */,
				73098C4829C7791700CB5579 /* HackShortsApp.swift */,
				73098C7C29C77B3500CB5579 /* Player.swift */,
				73098C4A29C7791700CB5579 /* ContentView.swift */,
				73098C4C29C7791A00CB5579 /* Assets.xcassets */,
				73098C5129C7791A00CB5579 /* Persistence.swift */,
				73098C5329C7791A00CB5579 /* HackShorts.xcdatamodeld */,
				73098C4E29C7791A00CB5579 /* Preview Content */,
			);
			path = HackShorts;
			sourceTree = "<group>";
		};
		73098C4E29C7791A00CB5579 /* Preview Content */ = {
			isa = PBXGroup;
			children = (
				73098C4F29C7791A00CB5579 /* Preview Assets.xcassets */,
			);
			path = "Preview Content";
			sourceTree = "<group>";
		};
		73098C7E29C77D4D00CB5579 /* Video */ = {
			isa = PBXGroup;
			children = (
				73098C7F29C77D6000CB5579 /* sample.mp4 */,
			);
			path = Video;
			sourceTree = "<group>";
		};
/* End PBXGroup section */

/* Begin PBXNativeTarget section */
		73098C4429C7791700CB5579 /* HackShorts */ = {
			isa = PBXNativeTarget;
			buildConfigurationList = 73098C5829C7791A00CB5579 /* Build configuration list for PBXNativeTarget "HackShorts" */;
			buildPhases = (
				73098C4129C7791700CB5579 /* Sources */,
				73098C4229C7791700CB5579 /* Frameworks */,
				73098C4329C7791700CB5579 /* Resources */,
			);
			buildRules = (
			);
			dependencies = (
			);
			name = HackShorts;
			productName = HackShorts;
			productReference = 73098C4529C7791700CB5579 /* HackShorts.app */;
			productType = "com.apple.product-type.application";
		};
/* End PBXNativeTarget section */

/* Begin PBXProject section */
		73098C3D29C7791700CB5579 /* Project object */ = {
			isa = PBXProject;
			attributes = {
				BuildIndependentTargetsInParallel = 1;
				LastSwiftUpdateCheck = 1420;
				LastUpgradeCheck = 1420;
				ORGANIZATIONNAME = "Singh, Navin";
				TargetAttributes = {
					73098C4429C7791700CB5579 = {
						CreatedOnToolsVersion = 14.2;
					};
				};
			};
			buildConfigurationList = 73098C4029C7791700CB5579 /* Build configuration list for PBXProject "HackShorts" */;
			compatibilityVersion = "Xcode 14.0";
			developmentRegion = en;
			hasScannedForEncodings = 0;
			knownRegions = (
				en,
				Base,
			);
			mainGroup = 73098C3C29C7791700CB5579;
			productRefGroup = 73098C4629C7791700CB5579 /* Products */;
			projectDirPath = "";
			projectRoot = "";
			targets = (
				73098C4429C7791700CB5579 /* HackShorts */,
			);
		};
/* End PBXProject section */

/* Begin PBXResourcesBuildPhase section */
		73098C4329C7791700CB5579 /* Resources */ = {
			isa = PBXResourcesBuildPhase;
			buildActionMask = 2147483647;
			files = (
				73098C8029C77D7700CB5579 /* sample.mp4 in Resources */,
				73098C5029C7791A00CB5579 /* Preview Assets.xcassets in Resources */,
				73098C4D29C7791A00CB5579 /* Assets.xcassets in Resources */,
			);
			runOnlyForDeploymentPostprocessing = 0;
		};
/* End PBXResourcesBuildPhase section */

/* Begin PBXSourcesBuildPhase section */
		73098C4129C7791700CB5579 /* Sources */ = {
			isa = PBXSourcesBuildPhase;
			buildActionMask = 2147483647;
			files = (
				73098C5229C7791A00CB5579 /* Persistence.swift in Sources */,
				73098C5529C7791A00CB5579 /* HackShorts.xcdatamodeld in Sources */,
				73098C4B29C7791700CB5579 /* ContentView.swift in Sources */,
				73098C7D29C77B3500CB5579 /* Player.swift in Sources */,
				73098C4929C7791700CB5579 /* HackShortsApp.swift in Sources */,
			);
			runOnlyForDeploymentPostprocessing = 0;
		};
/* End PBXSourcesBuildPhase section */

/* Begin XCBuildConfiguration section */
		73098C5629C7791A00CB5579 /* Debug */ = {
			isa = XCBuildConfiguration;
			buildSettings = {
				ALWAYS_SEARCH_USER_PATHS = NO;
				CLANG_ANALYZER_NONNULL = YES;
				CLANG_ANALYZER_NUMBER_OBJECT_CONVERSION = YES_AGGRESSIVE;
				CLANG_CXX_LANGUAGE_STANDARD = "gnu++20";
				CLANG_ENABLE_MODULES = YES;
				CLANG_ENABLE_OBJC_ARC = YES;
				CLANG_ENABLE_OBJC_WEAK = YES;
				CLANG_WARN_BLOCK_CAPTURE_AUTORELEASING = YES;
				CLANG_WARN_BOOL_CONVERSION = YES;
				CLANG_WARN_COMMA = YES;
				CLANG_WARN_CONSTANT_CONVERSION = YES;
				CLANG_WARN_DEPRECATED_OBJC_IMPLEMENTATIONS = YES;
				CLANG_WARN_DIRECT_OBJC_ISA_USAGE = YES_ERROR;
				CLANG_WARN_DOCUMENTATION_COMMENTS = YES;
				CLANG_WARN_EMPTY_BODY = YES;
				CLANG_WARN_ENUM_CONVERSION = YES;
				CLANG_WARN_INFINITE_RECURSION = YES;
				CLANG_WARN_INT_CONVERSION = YES;
				CLANG_WARN_NON_LITERAL_NULL_CONVERSION = YES;
				CLANG_WARN_OBJC_IMPLICIT_RETAIN_SELF = YES;
				CLANG_WARN_OBJC_LITERAL_CONVERSION = YES;
				CLANG_WARN_OBJC_ROOT_CLASS = YES_ERROR;
				CLANG_WARN_QUOTED_INCLUDE_IN_FRAMEWORK_HEADER = YES;
				CLANG_WARN_RANGE_LOOP_ANALYSIS = YES;
				CLANG_WARN_STRICT_PROTOTYPES = YES;
				CLANG_WARN_SUSPICIOUS_MOVE = YES;
				CLANG_WARN_UNGUARDED_AVAILABILITY = YES_AGGRESSIVE;
				CLANG_WARN_UNREACHABLE_CODE = YES;
				CLANG_WARN__DUPLICATE_METHOD_MATCH = YES;
				COPY_PHASE_STRIP = NO;
				DEBUG_INFORMATION_FORMAT = dwarf;
				ENABLE_STRICT_OBJC_MSGSEND = YES;
				ENABLE_TESTABILITY = YES;
				GCC_C_LANGUAGE_STANDARD = gnu11;
				GCC_DYNAMIC_NO_PIC = NO;
				GCC_NO_COMMON_BLOCKS = YES;
				GCC_OPTIMIZATION_LEVEL = 0;
				GCC_PREPROCESSOR_DEFINITIONS = (
					"DEBUG=1",
					"$(inherited)",
				);
				GCC_WARN_64_TO_32_BIT_CONVERSION = YES;
				GCC_WARN_ABOUT_RETURN_TYPE = YES_ERROR;
				GCC_WARN_UNDECLARED_SELECTOR = YES;
				GCC_WARN_UNINITIALIZED_AUTOS = YES_AGGRESSIVE;
				GCC_WARN_UNUSED_FUNCTION = YES;
				GCC_WARN_UNUSED_VARIABLE = YES;
				IPHONEOS_DEPLOYMENT_TARGET = 16.2;
				MTL_ENABLE_DEBUG_INFO = INCLUDE_SOURCE;
				MTL_FAST_MATH = YES;
				ONLY_ACTIVE_ARCH = YES;
				SDKROOT = iphoneos;
				SWIFT_ACTIVE_COMPILATION_CONDITIONS = DEBUG;
				SWIFT_OPTIMIZATION_LEVEL = "-Onone";
			};
			name = Debug;
		};
		73098C5729C7791A00CB5579 /* Release */ = {
			isa = XCBuildConfiguration;
			buildSettings = {
				ALWAYS_SEARCH_USER_PATHS = NO;
				CLANG_ANALYZER_NONNULL = YES;
				CLANG_ANALYZER_NUMBER_OBJECT_CONVERSION = YES_AGGRESSIVE;
				CLANG_CXX_LANGUAGE_STANDARD = "gnu++20";
				CLANG_ENABLE_MODULES = YES;
				CLANG_ENABLE_OBJC_ARC = YES;
				CLANG_ENABLE_OBJC_WEAK = YES;
				CLANG_WARN_BLOCK_CAPTURE_AUTORELEASING = YES;
				CLANG_WARN_BOOL_CONVERSION = YES;
				CLANG_WARN_COMMA = YES;
				CLANG_WARN_CONSTANT_CONVERSION = YES;
				CLANG_WARN_DEPRECATED_OBJC_IMPLEMENTATIONS = YES;
				CLANG_WARN_DIRECT_OBJC_ISA_USAGE = YES_ERROR;
				CLANG_WARN_DOCUMENTATION_COMMENTS = YES;
				CLANG_WARN_EMPTY_BODY = YES;
				CLANG_WARN_ENUM_CONVERSION = YES;
				CLANG_WARN_INFINITE_RECURSION = YES;
				CLANG_WARN_INT_CONVERSION = YES;
				CLANG_WARN_NON_LITERAL_NULL_CONVERSION = YES;
				CLANG_WARN_OBJC_IMPLICIT_RETAIN_SELF = YES;
				CLANG_WARN_OBJC_LITERAL_CONVERSION = YES;
				CLANG_WARN_OBJC_ROOT_CLASS = YES_ERROR;
				CLANG_WARN_QUOTED_INCLUDE_IN_FRAMEWORK_HEADER = YES;
				CLANG_WARN_RANGE_LOOP_ANALYSIS = YES;
				CLANG_WARN_STRICT_PROTOTYPES = YES;
				CLANG_WARN_SUSPICIOUS_MOVE = YES;
				CLANG_WARN_UNGUARDED_AVAILABILITY = YES_AGGRESSIVE;
				CLANG_WARN_UNREACHABLE_CODE = YES;
				CLANG_WARN__DUPLICATE_METHOD_MATCH = YES;
				COPY_PHASE_STRIP = NO;
				DEBUG_INFORMATION_FORMAT = "dwarf-with-dsym";
				ENABLE_NS_ASSERTIONS = NO;
				ENABLE_STRICT_OBJC_MSGSEND = YES;
				GCC_C_LANGUAGE_STANDARD = gnu11;
				GCC_NO_COMMON_BLOCKS = YES;
				GCC_WARN_64_TO_32_BIT_CONVERSION = YES;
				GCC_WARN_ABOUT_RETURN_TYPE = YES_ERROR;
				GCC_WARN_UNDECLARED_SELECTOR = YES;
				GCC_WARN_UNINITIALIZED_AUTOS = YES_AGGRESSIVE;
				GCC_WARN_UNUSED_FUNCTION = YES;
				GCC_WARN_UNUSED_VARIABLE = YES;
				IPHONEOS_DEPLOYMENT_TARGET = 16.2;
				MTL_ENABLE_DEBUG_INFO = NO;
				MTL_FAST_MATH = YES;
				SDKROOT = iphoneos;
				SWIFT_COMPILATION_MODE = wholemodule;
				SWIFT_OPTIMIZATION_LEVEL = "-O";
				VALIDATE_PRODUCT = YES;
			};
			name = Release;
		};
		73098C5929C7791A00CB5579 /* Debug */ = {
			isa = XCBuildConfiguration;
			buildSettings = {
				ASSETCATALOG_COMPILER_APPICON_NAME = AppIcon;
				ASSETCATALOG_COMPILER_GLOBAL_ACCENT_COLOR_NAME = AccentColor;
				CODE_SIGN_STYLE = Automatic;
				CURRENT_PROJECT_VERSION = 1;
				DEVELOPMENT_ASSET_PATHS = "\"HackShorts/Preview Content\"";
				DEVELOPMENT_TEAM = Q4XSHAXPPL;
				ENABLE_PREVIEWS = YES;
				GENERATE_INFOPLIST_FILE = YES;
				INFOPLIST_KEY_UIApplicationSceneManifest_Generation = YES;
				INFOPLIST_KEY_UIApplicationSupportsIndirectInputEvents = YES;
				INFOPLIST_KEY_UILaunchScreen_Generation = YES;
				INFOPLIST_KEY_UISupportedInterfaceOrientations_iPad = "UIInterfaceOrientationPortrait UIInterfaceOrientationPortraitUpsideDown UIInterfaceOrientationLandscapeLeft UIInterfaceOrientationLandscapeRight";
				INFOPLIST_KEY_UISupportedInterfaceOrientations_iPhone = "UIInterfaceOrientationPortrait UIInterfaceOrientationLandscapeLeft UIInterfaceOrientationLandscapeRight";
				LD_RUNPATH_SEARCH_PATHS = (
					"$(inherited)",
					"@executable_path/Frameworks",
				);
				MARKETING_VERSION = 1.0;
				PRODUCT_BUNDLE_IDENTIFIER = "com.blackrock.aladdin.-.HackShorts";
				PRODUCT_NAME = "$(TARGET_NAME)";
				SWIFT_EMIT_LOC_STRINGS = YES;
				SWIFT_VERSION = 5.0;
				TARGETED_DEVICE_FAMILY = "1,2";
			};
			name = Debug;
		};
		73098C5A29C7791A00CB5579 /* Release */ = {
			isa = XCBuildConfiguration;
			buildSettings = {
				ASSETCATALOG_COMPILER_APPICON_NAME = AppIcon;
				ASSETCATALOG_COMPILER_GLOBAL_ACCENT_COLOR_NAME = AccentColor;
				CODE_SIGN_STYLE = Automatic;
				CURRENT_PROJECT_VERSION = 1;
				DEVELOPMENT_ASSET_PATHS = "\"HackShorts/Preview Content\"";
				DEVELOPMENT_TEAM = Q4XSHAXPPL;
				ENABLE_PREVIEWS = YES;
				GENERATE_INFOPLIST_FILE = YES;
				INFOPLIST_KEY_UIApplicationSceneManifest_Generation = YES;
				INFOPLIST_KEY_UIApplicationSupportsIndirectInputEvents = YES;
				INFOPLIST_KEY_UILaunchScreen_Generation = YES;
				INFOPLIST_KEY_UISupportedInterfaceOrientations_iPad = "UIInterfaceOrientationPortrait UIInterfaceOrientationPortraitUpsideDown UIInterfaceOrientationLandscapeLeft UIInterfaceOrientationLandscapeRight";
				INFOPLIST_KEY_UISupportedInterfaceOrientations_iPhone = "UIInterfaceOrientationPortrait UIInterfaceOrientationLandscapeLeft UIInterfaceOrientationLandscapeRight";
				LD_RUNPATH_SEARCH_PATHS = (
					"$(inherited)",
					"@executable_path/Frameworks",
				);
				MARKETING_VERSION = 1.0;
				PRODUCT_BUNDLE_IDENTIFIER = "com.blackrock.aladdin.-.HackShorts";
				PRODUCT_NAME = "$(TARGET_NAME)";
				SWIFT_EMIT_LOC_STRINGS = YES;
				SWIFT_VERSION = 5.0;
				TARGETED_DEVICE_FAMILY = "1,2";
			};
			name = Release;
		};
/* End XCBuildConfiguration section */

/* Begin XCConfigurationList section */
		73098C4029C7791700CB5579 /* Build configuration list for PBXProject "HackShorts" */ = {
			isa = XCConfigurationList;
			buildConfigurations = (
				73098C5629C7791A00CB5579 /* Debug */,
				73098C5729C7791A00CB5579 /* Release */,
			);
			defaultConfigurationIsVisible = 0;
			defaultConfigurationName = Release;
		};
		73098C5829C7791A00CB5579 /* Build configuration list for PBXNativeTarget "HackShorts" */ = {
			isa = XCConfigurationList;
			buildConfigurations = (
				73098C5929C7791A00CB5579 /* Debug */,
				73098C5A29C7791A00CB5579 /* Release */,
			);
			defaultConfigurationIsVisible = 0;
			defaultConfigurationName = Release;
		};
/* End XCConfigurationList section */

/* Begin XCVersionGroup section */
		73098C5329C7791A00CB5579 /* HackShorts.xcdatamodeld */ = {
			isa = XCVersionGroup;
			children = (
				73098C5429C7791A00CB5579 /* HackShorts.xcdatamodel */,
			);
			currentVersion = 73098C5429C7791A00CB5579 /* HackShorts.xcdatamodel */;
			path = HackShorts.xcdatamodeld;
			sourceTree = "<group>";
			versionGroupType = wrapper.xcdatamodel;
		};
/* End XCVersionGroup section */
	};
	rootObject = 73098C3D29C7791700CB5579 /* Project object */;
}
